// !$*UTF8*$!
{
	archiveVersion = 1;
	classes = {
	};
	objectVersion = 50;
	objects = {

/* Begin PBXBuildFile section */
		AB34297F2424609200224383 /* sonic-run.atlas in Resources */ = {isa = PBXBuildFile; fileRef = AB34297E2424609200224383 /* sonic-run.atlas */; };
		ABAB7129242328070030D85C /* AppDelegate.swift in Sources */ = {isa = PBXBuildFile; fileRef = ABAB7128242328070030D85C /* AppDelegate.swift */; };
		ABAB7134242328070030D85C /* Main.storyboard in Resources */ = {isa = PBXBuildFile; fileRef = ABAB7132242328070030D85C /* Main.storyboard */; };
		ABAB7136242328080030D85C /* Assets.xcassets in Resources */ = {isa = PBXBuildFile; fileRef = ABAB7135242328080030D85C /* Assets.xcassets */; };
		ABAB7139242328080030D85C /* LaunchScreen.storyboard in Resources */ = {isa = PBXBuildFile; fileRef = ABAB7137242328080030D85C /* LaunchScreen.storyboard */; };
		ABAB7141242329760030D85C /* GameUIView.swift in Sources */ = {isa = PBXBuildFile; fileRef = ABAB7140242329760030D85C /* GameUIView.swift */; };
/* End PBXBuildFile section */

/* Begin PBXFileReference section */
		AB34297E2424609200224383 /* sonic-run.atlas */ = {isa = PBXFileReference; lastKnownFileType = folder.skatlas; name = "sonic-run.atlas"; path = "../../atlas folders/sonic-run.atlas"; sourceTree = "<group>"; };
		ABAB7125242328070030D85C /* SwiftUIAndSpriteKit.app */ = {isa = PBXFileReference; explicitFileType = wrapper.application; includeInIndex = 0; path = SwiftUIAndSpriteKit.app; sourceTree = BUILT_PRODUCTS_DIR; };
		ABAB7128242328070030D85C /* AppDelegate.swift */ = {isa = PBXFileReference; lastKnownFileType = sourcecode.swift; path = AppDelegate.swift; sourceTree = "<group>"; };
		ABAB7133242328070030D85C /* Base */ = {isa = PBXFileReference; lastKnownFileType = file.storyboard; name = Base; path = Base.lproj/Main.storyboard; sourceTree = "<group>"; };
		ABAB7135242328080030D85C /* Assets.xcassets */ = {isa = PBXFileReference; lastKnownFileType = folder.assetcatalog; path = Assets.xcassets; sourceTree = "<group>"; };
		ABAB7138242328080030D85C /* Base */ = {isa = PBXFileReference; lastKnownFileType = file.storyboard; name = Base; path = Base.lproj/LaunchScreen.storyboard; sourceTree = "<group>"; };
		ABAB713A242328080030D85C /* Info.plist */ = {isa = PBXFileReference; lastKnownFileType = text.plist.xml; path = Info.plist; sourceTree = "<group>"; };
		ABAB7140242329760030D85C /* GameUIView.swift */ = {isa = PBXFileReference; lastKnownFileType = sourcecode.swift; path = GameUIView.swift; sourceTree = "<group>"; };
/* End PBXFileReference section */

/* Begin PBXFrameworksBuildPhase section */
		ABAB7122242328070030D85C /* Frameworks */ = {
			isa = PBXFrameworksBuildPhase;
			buildActionMask = 2147483647;
			files = (
			);
			runOnlyForDeploymentPostprocessing = 0;
		};
/* End PBXFrameworksBuildPhase section */

/* Begin PBXGroup section */
		ABAB711C242328070030D85C = {
			isa = PBXGroup;
			children = (
				ABAB7127242328070030D85C /* SwiftUIAndSpriteKit */,
				ABAB7126242328070030D85C /* Products */,
			);
			sourceTree = "<group>";
		};
		ABAB7126242328070030D85C /* Products */ = {
			isa = PBXGroup;
			children = (
				ABAB7125242328070030D85C /* SwiftUIAndSpriteKit.app */,
			);
			name = Products;
			sourceTree = "<group>";
		};
		ABAB7127242328070030D85C /* SwiftUIAndSpriteKit */ = {
			isa = PBXGroup;
			children = (
				AB34297E2424609200224383 /* sonic-run.atlas */,
				ABAB7128242328070030D85C /* AppDelegate.swift */,
				ABAB7140242329760030D85C /* GameUIView.swift */,
				ABAB7132242328070030D85C /* Main.storyboard */,
				ABAB7135242328080030D85C /* Assets.xcassets */,
				ABAB7137242328080030D85C /* LaunchScreen.storyboard */,
				ABAB713A242328080030D85C /* Info.plist */,
			);
			path = SwiftUIAndSpriteKit;
			sourceTree = "<group>";
		};
/* End PBXGroup section */

/* Begin PBXNativeTarget section */
		ABAB7124242328070030D85C /* SwiftUIAndSpriteKit */ = {
			isa = PBXNativeTarget;
			buildConfigurationList = ABAB713D242328080030D85C /* Build configuration list for PBXNativeTarget "SwiftUIAndSpriteKit" */;
			buildPhases = (
				ABAB7121242328070030D85C /* Sources */,
				ABAB7122242328070030D85C /* Frameworks */,
				ABAB7123242328070030D85C /* Resources */,
			);
			buildRules = (
			);
			dependencies = (
			);
			name = SwiftUIAndSpriteKit;
			productName = SwiftUIAndSpriteKit;
			productReference = ABAB7125242328070030D85C /* SwiftUIAndSpriteKit.app */;
			productType = "com.apple.product-type.application";
		};
/* End PBXNativeTarget section */

/* Begin PBXProject section */
		ABAB711D242328070030D85C /* Project object */ = {
			isa = PBXProject;
			attributes = {
				LastSwiftUpdateCheck = 1130;
				LastUpgradeCheck = 1130;
				ORGANIZATIONNAME = "Xcode Tips";
				TargetAttributes = {
					ABAB7124242328070030D85C = {
						CreatedOnToolsVersion = 11.3.1;
					};
				};
			};
			buildConfigurationList = ABAB7120242328070030D85C /* Build configuration list for PBXProject "SwiftUIAndSpriteKit" */;
			compatibilityVersion = "Xcode 9.3";
			developmentRegion = en;
			hasScannedForEncodings = 0;
			knownRegions = (
				en,
				Base,
			);
			mainGroup = ABAB711C242328070030D85C;
			productRefGroup = ABAB7126242328070030D85C /* Products */;
			projectDirPath = "";
			projectRoot = "";
			targets = (
				ABAB7124242328070030D85C /* SwiftUIAndSpriteKit */,
			);
		};
/* End PBXProject section */

/* Begin PBXResourcesBuildPhase section */
		ABAB7123242328070030D85C /* Resources */ = {
			isa = PBXResourcesBuildPhase;
			buildActionMask = 2147483647;
			files = (
				ABAB7134242328070030D85C /* Main.storyboard in Resources */,
				AB34297F2424609200224383 /* sonic-run.atlas in Resources */,
				ABAB7136242328080030D85C /* Assets.xcassets in Resources */,
				ABAB7139242328080030D85C /* LaunchScreen.storyboard in Resources */,
			);
			runOnlyForDeploymentPostprocessing = 0;
		};
/* End PBXResourcesBuildPhase section */

/* Begin PBXSourcesBuildPhase section */
		ABAB7121242328070030D85C /* Sources */ = {
			isa = PBXSourcesBuildPhase;
			buildActionMask = 2147483647;
			files = (
				ABAB7141242329760030D85C /* GameUIView.swift in Sources */,
				ABAB7129242328070030D85C /* AppDelegate.swift in Sources */,
			);
			runOnlyForDeploymentPostprocessing = 0;
		};
/* End PBXSourcesBuildPhase section */

/* Begin PBXVariantGroup section */
		ABAB7132242328070030D85C /* Main.storyboard */ = {
			isa = PBXVariantGroup;
			children = (
				ABAB7133242328070030D85C /* Base */,
			);
			name = Main.storyboard;
			sourceTree = "<group>";
		};
		ABAB7137242328080030D85C /* LaunchScreen.storyboard */ = {
			isa = PBXVariantGroup;
			children = (
				ABAB7138242328080030D85C /* Base */,
			);
			name = LaunchScreen.storyboard;
			sourceTree = "<group>";
		};
/* End PBXVariantGroup section */

/* Begin XCBuildConfiguration section */
		ABAB713B242328080030D85C /* Debug */ = {
			isa = XCBuildConfiguration;
			buildSettings = {
				ALWAYS_SEARCH_USER_PATHS = NO;
				CLANG_ANALYZER_NONNULL = YES;
				CLANG_ANALYZER_NUMBER_OBJECT_CONVERSION = YES_AGGRESSIVE;
				CLANG_CXX_LANGUAGE_STANDARD = "gnu++14";
				CLANG_CXX_LIBRARY = "libc++";
				CLANG_ENABLE_MODULES = YES;
				CLANG_ENABLE_OBJC_ARC = YES;
				CLANG_ENABLE_OBJC_WEAK = YES;
				CLANG_WARN_BLOCK_CAPTURE_AUTORELEASING = YES;
				CLANG_WARN_BOOL_CONVERSION = YES;
				CLANG_WARN_COMMA = YES;
				CLANG_WARN_CONSTANT_CONVERSION = YES;
				CLANG_WARN_DEPRECATED_OBJC_IMPLEMENTATIONS = YES;
				CLANG_WARN_DIRECT_OBJC_ISA_USAGE = YES_ERROR;
				CLANG_WARN_DOCUMENTATION_COMMENTS = YES;
				CLANG_WARN_EMPTY_BODY = YES;
				CLANG_WARN_ENUM_CONVERSION = YES;
				CLANG_WARN_INFINITE_RECURSION = YES;
				CLANG_WARN_INT_CONVERSION = YES;
				CLANG_WARN_NON_LITERAL_NULL_CONVERSION = YES;
				CLANG_WARN_OBJC_IMPLICIT_RETAIN_SELF = YES;
				CLANG_WARN_OBJC_LITERAL_CONVERSION = YES;
				CLANG_WARN_OBJC_ROOT_CLASS = YES_ERROR;
				CLANG_WARN_RANGE_LOOP_ANALYSIS = YES;
				CLANG_WARN_STRICT_PROTOTYPES = YES;
				CLANG_WARN_SUSPICIOUS_MOVE = YES;
				CLANG_WARN_UNGUARDED_AVAILABILITY = YES_AGGRESSIVE;
				CLANG_WARN_UNREACHABLE_CODE = YES;
				CLANG_WARN__DUPLICATE_METHOD_MATCH = YES;
				COPY_PHASE_STRIP = NO;
				DEBUG_INFORMATION_FORMAT = dwarf;
				ENABLE_STRICT_OBJC_MSGSEND = YES;
				ENABLE_TESTABILITY = YES;
				GCC_C_LANGUAGE_STANDARD = gnu11;
				GCC_DYNAMIC_NO_PIC = NO;
				GCC_NO_COMMON_BLOCKS = YES;
				GCC_OPTIMIZATION_LEVEL = 0;
				GCC_PREPROCESSOR_DEFINITIONS = (
					"DEBUG=1",
					"$(inherited)",
				);
				GCC_WARN_64_TO_32_BIT_CONVERSION = YES;
				GCC_WARN_ABOUT_RETURN_TYPE = YES_ERROR;
				GCC_WARN_UNDECLARED_SELECTOR = YES;
				GCC_WARN_UNINITIALIZED_AUTOS = YES_AGGRESSIVE;
				GCC_WARN_UNUSED_FUNCTION = YES;
				GCC_WARN_UNUSED_VARIABLE = YES;
				IPHONEOS_DEPLOYMENT_TARGET = 13.2;
				MTL_ENABLE_DEBUG_INFO = INCLUDE_SOURCE;
				MTL_FAST_MATH = YES;
				ONLY_ACTIVE_ARCH = YES;
				SDKROOT = iphoneos;
				SWIFT_ACTIVE_COMPILATION_CONDITIONS = DEBUG;
				SWIFT_OPTIMIZATION_LEVEL = "-Onone";
			};
			name = Debug;
		};
		ABAB713C242328080030D85C /* Release */ = {
			isa = XCBuildConfiguration;
			buildSettings = {
				ALWAYS_SEARCH_USER_PATHS = NO;
				CLANG_ANALYZER_NONNULL = YES;
				CLANG_ANALYZER_NUMBER_OBJECT_CONVERSION = YES_AGGRESSIVE;
				CLANG_CXX_LANGUAGE_STANDARD = "gnu++14";
				CLANG_CXX_LIBRARY = "libc++";
				CLANG_ENABLE_MODULES = YES;
				CLANG_ENABLE_OBJC_ARC = YES;
				CLANG_ENABLE_OBJC_WEAK = YES;
				CLANG_WARN_BLOCK_CAPTURE_AUTORELEASING = YES;
				CLANG_WARN_BOOL_CONVERSION = YES;
				CLANG_WARN_COMMA = YES;
				CLANG_WARN_CONSTANT_CONVERSION = YES;
				CLANG_WARN_DEPRECATED_OBJC_IMPLEMENTATIONS = YES;
				CLANG_WARN_DIRECT_OBJC_ISA_USAGE = YES_ERROR;
				CLANG_WARN_DOCUMENTATION_COMMENTS = YES;
				CLANG_WARN_EMPTY_BODY = YES;
				CLANG_WARN_ENUM_CONVERSION = YES;
				CLANG_WARN_INFINITE_RECURSION = YES;
				CLANG_WARN_INT_CONVERSION = YES;
				CLANG_WARN_NON_LITERAL_NULL_CONVERSION = YES;
				CLANG_WARN_OBJC_IMPLICIT_RETAIN_SELF = YES;
				CLANG_WARN_OBJC_LITERAL_CONVERSION = YES;
				CLANG_WARN_OBJC_ROOT_CLASS = YES_ERROR;
				CLANG_WARN_RANGE_LOOP_ANALYSIS = YES;
				CLANG_WARN_STRICT_PROTOTYPES = YES;
				CLANG_WARN_SUSPICIOUS_MOVE = YES;
				CLANG_WARN_UNGUARDED_AVAILABILITY = YES_AGGRESSIVE;
				CLANG_WARN_UNREACHABLE_CODE = YES;
				CLANG_WARN__DUPLICATE_METHOD_MATCH = YES;
				COPY_PHASE_STRIP = NO;
				DEBUG_INFORMATION_FORMAT = "dwarf-with-dsym";
				ENABLE_NS_ASSERTIONS = NO;
				ENABLE_STRICT_OBJC_MSGSEND = YES;
				GCC_C_LANGUAGE_STANDARD = gnu11;
				GCC_NO_COMMON_BLOCKS = YES;
				GCC_WARN_64_TO_32_BIT_CONVERSION = YES;
				GCC_WARN_ABOUT_RETURN_TYPE = YES_ERROR;
				GCC_WARN_UNDECLARED_SELECTOR = YES;
				GCC_WARN_UNINITIALIZED_AUTOS = YES_AGGRESSIVE;
				GCC_WARN_UNUSED_FUNCTION = YES;
				GCC_WARN_UNUSED_VARIABLE = YES;
				IPHONEOS_DEPLOYMENT_TARGET = 13.2;
				MTL_ENABLE_DEBUG_INFO = NO;
				MTL_FAST_MATH = YES;
				SDKROOT = iphoneos;
				SWIFT_COMPILATION_MODE = wholemodule;
				SWIFT_OPTIMIZATION_LEVEL = "-O";
				VALIDATE_PRODUCT = YES;
			};
			name = Release;
		};
		ABAB713E242328080030D85C /* Debug */ = {
			isa = XCBuildConfiguration;
			buildSettings = {
				ASSETCATALOG_COMPILER_APPICON_NAME = AppIcon;
				CODE_SIGN_STYLE = Automatic;
				DEVELOPMENT_TEAM = J36XH69Z83;
				INFOPLIST_FILE = SwiftUIAndSpriteKit/Info.plist;
				LD_RUNPATH_SEARCH_PATHS = (
					"$(inherited)",
					"@executable_path/Frameworks",
				);
				PRODUCT_BUNDLE_IDENTIFIER = com.xcodetips.SwiftUIAndSpriteKit;
				PRODUCT_NAME = "$(TARGET_NAME)";
				SWIFT_VERSION = 5.0;
				TARGETED_DEVICE_FAMILY = "1,2";
			};
			name = Debug;
		};
		ABAB713F242328080030D85C /* Release */ = {
			isa = XCBuildConfiguration;
			buildSettings = {
				ASSETCATALOG_COMPILER_APPICON_NAME = AppIcon;
				CODE_SIGN_STYLE = Automatic;
				DEVELOPMENT_TEAM = J36XH69Z83;
				INFOPLIST_FILE = SwiftUIAndSpriteKit/Info.plist;
				LD_RUNPATH_SEARCH_PATHS = (
					"$(inherited)",
					"@executable_path/Frameworks",
				);
				PRODUCT_BUNDLE_IDENTIFIER = com.xcodetips.SwiftUIAndSpriteKit;
				PRODUCT_NAME = "$(TARGET_NAME)";
				SWIFT_VERSION = 5.0;
				TARGETED_DEVICE_FAMILY = "1,2";
			};
			name = Release;
		};
/* End XCBuildConfiguration section */

/* Begin XCConfigurationList section */
		ABAB7120242328070030D85C /* Build configuration list for PBXProject "SwiftUIAndSpriteKit" */ = {
			isa = XCConfigurationList;
			buildConfigurations = (
				ABAB713B242328080030D85C /* Debug */,
				ABAB713C242328080030D85C /* Release */,
			);
			defaultConfigurationIsVisible = 0;
			defaultConfigurationName = Release;
		};
		ABAB713D242328080030D85C /* Build configuration list for PBXNativeTarget "SwiftUIAndSpriteKit" */ = {
			isa = XCConfigurationList;
			buildConfigurations = (
				ABAB713E242328080030D85C /* Debug */,
				ABAB713F242328080030D85C /* Release */,
			);
			defaultConfigurationIsVisible = 0;
			defaultConfigurationName = Release;
		};
/* End XCConfigurationList section */
	};
	rootObject = ABAB711D242328070030D85C /* Project object */;
}
